
Microsoft Visual Studio Solution File, Format Version 12.00
# Visual Studio Version 17
VisualStudioVersion = 17.9.34701.34
MinimumVisualStudioVersion = 10.0.40219.1
Project("{FAE04EC0-301F-11D3-BF4B-00C04F79EFBC}") = "MagicVilla_VillaAPI", "MagicVilla_VillaAPI\MagicVilla_VillaAPI.csproj", "{63C29507-BD64-4069-92F8-AAFB73F3D00D}"
EndProject
Global
	GlobalSection(SolutionConfigurationPlatforms) = preSolution
		Debug|Any CPU = Debug|Any CPU
		Release|Any CPU = Release|Any CPU
	EndGlobalSection
	GlobalSection(ProjectConfigurationPlatforms) = postSolution
		{63C29507-BD64-4069-92F8-AAFB73F3D00D}.Debug|Any CPU.ActiveCfg = Debug|Any CPU
		{63C29507-BD64-4069-92F8-AAFB73F3D00D}.Debug|Any CPU.Build.0 = Debug|Any CPU
		{63C29507-BD64-4069-92F8-AAFB73F3D00D}.Release|Any CPU.ActiveCfg = Release|Any CPU
		{63C29507-BD64-4069-92F8-AAFB73F3D00D}.Release|Any CPU.Build.0 = Release|Any CPU
	EndGlobalSection
	GlobalSection(SolutionProperties) = preSolution
		HideSolutionNode = FALSE
	EndGlobalSection
	GlobalSection(ExtensibilityGlobals) = postSolution
		SolutionGuid = {0F43B7B2-A179-48B0-BF36-8EEF3BDC8F8B}
	EndGlobalSection
EndGlobal
